
Microsoft Visual Studio Solution File, Format Version 12.00
# Visual Studio Version 17
VisualStudioVersion = 17.7.34031.279
MinimumVisualStudioVersion = 10.0.40219.1
Project("{9A19103F-16F7-4668-BE54-9A1E7A4F7556}") = "AUCTIONGARDE Frontend", "AUCTIONGARDE Frontend\AUCTIONGARDE Frontend.csproj", "{B9FC2B35-617C-4840-8C09-BAEE99AEDCD2}"
EndProject
Global
	GlobalSection(SolutionConfigurationPlatforms) = preSolution
		Debug|Any CPU = Debug|Any CPU
		Release|Any CPU = Release|Any CPU
	EndGlobalSection
	GlobalSection(ProjectConfigurationPlatforms) = postSolution
		{B9FC2B35-617C-4840-8C09-BAEE99AEDCD2}.Debug|Any CPU.ActiveCfg = Debug|Any CPU
		{B9FC2B35-617C-4840-8C09-BAEE99AEDCD2}.Debug|Any CPU.Build.0 = Debug|Any CPU
		{B9FC2B35-617C-4840-8C09-BAEE99AEDCD2}.Release|Any CPU.ActiveCfg = Release|Any CPU
		{B9FC2B35-617C-4840-8C09-BAEE99AEDCD2}.Release|Any CPU.Build.0 = Release|Any CPU
	EndGlobalSection
	GlobalSection(SolutionProperties) = preSolution
		HideSolutionNode = FALSE
	EndGlobalSection
	GlobalSection(ExtensibilityGlobals) = postSolution
		SolutionGuid = {5CB31EEC-49EF-42EA-A8CE-818FF38660CF}
	EndGlobalSection
EndGlobal
